<?xml version="1.0" encoding="utf-8"?>
<Project ToolsVersion="4.0" xmlns="http://schemas.microsoft.com/developer/msbuild/2003">
  <ItemGroup>
    <ClCompile Include="NativeLog.cpp">
      <Filter>Source Files</Filter>
    </ClCompile>
    <ClCompile Include="Entry.cpp">
      <Filter>Source Files</Filter>
    </ClCompile>
    <ClCompile Include="DotNetHost.cpp">
      <Filter>Source Files</Filter>
    </ClCompile>
    <ClCompile Include="dllmain.cpp">
      <Filter>Source Files</Filter>
    </ClCompile>
    <ClCompile Include="Exports.cpp">
      <Filter>Source Files</Filter>
    </ClCompile>
    <ClCompile Include="MinHook\src\hde\hde32.c">
      <Filter>MinHook</Filter>
    </ClCompile>
    <ClCompile Include="MinHook\src\hde\hde64.c">
      <Filter>MinHook</Filter>
    </ClCompile>
    <ClCompile Include="MinHook\src\buffer.c">
      <Filter>MinHook</Filter>
    </ClCompile>
    <ClCompile Include="MinHook\src\hook.c">
      <Filter>MinHook</Filter>
    </ClCompile>
    <ClCompile Include="MinHook\src\trampoline.c">
      <Filter>MinHook</Filter>
    </ClCompile>
  </ItemGroup>
  <ItemGroup>
    <ClInclude Include="Util.h">
      <Filter>Header Files</Filter>
    </ClInclude>
    <ClInclude Include="DotNetHost.h">
      <Filter>Header Files</Filter>
    </ClInclude>
    <ClInclude Include="Entry.h">
      <Filter>Header Files</Filter>
    </ClInclude>
    <ClInclude Include="framework.h">
      <Filter>Header Files</Filter>
    </ClInclude>
    <ClInclude Include="NativeLog.h">
      <Filter>Header Files</Filter>
    </ClInclude>
    <ClInclude Include="Exports.h">
      <Filter>Header Files</Filter>
    </ClInclude>
    <ClInclude Include="Callbacks.h">
      <Filter>Header Files</Filter>
    </ClInclude>
    <ClInclude Include="MinHook\src\hde\hde32.h">
      <Filter>MinHook</Filter>
    </ClInclude>
    <ClInclude Include="MinHook\src\hde\hde64.h">
      <Filter>MinHook</Filter>
    </ClInclude>
    <ClInclude Include="MinHook\src\hde\pstdint.h">
      <Filter>MinHook</Filter>
    </ClInclude>
    <ClInclude Include="MinHook\src\hde\table32.h">
      <Filter>MinHook</Filter>
    </ClInclude>
    <ClInclude Include="MinHook\src\hde\table64.h">
      <Filter>MinHook</Filter>
    </ClInclude>
    <ClInclude Include="MinHook\src\buffer.h">
      <Filter>MinHook</Filter>
    </ClInclude>
    <ClInclude Include="MinHook\src\trampoline.h">
      <Filter>MinHook</Filter>
    </ClInclude>
  </ItemGroup>
  <ItemGroup>
    <Filter Include="Source Files">
      <UniqueIdentifier>{91ed2392-9a7f-46ac-8021-8f0a12d17359}</UniqueIdentifier>
    </Filter>
    <Filter Include="Header Files">
      <UniqueIdentifier>{efa4d8f7-ddc9-4657-a62a-15ffcff195af}</UniqueIdentifier>
    </Filter>
    <Filter Include="MinHook">
      <UniqueIdentifier>{cf4a7a5b-e999-4b0c-b8aa-82e27a90990e}</UniqueIdentifier>
    </Filter>
  </ItemGroup>
</Project>